{
  "name": "threejs-vox",
  "version": "1.0.0",
  "lockfileVersion": 1,
  "requires": true,
  "dependencies": {
    "three": {
      "version": "0.112.1",
      "resolved": "https://registry.npmjs.org/three/-/three-0.112.1.tgz",
      "integrity": "sha512-8I0O74hiYtKl3LgDNcPJbBGOlpekbcJ6fJnImmW3mFdeUFJ2H9Y3/UuUSW2sBdjrIlCM0gvOkaTEFlofO900TQ=="
    }
  }
}
